
Microsoft Visual Studio Solution File, Format Version 12.00
Project("{FAE04EC0-301F-11D3-BF4B-00C04F79EFBC}") = "FizzBuzz", "FizzBuzz\FizzBuzz.csproj", "{42CF580B-6F14-4104-9C82-45D02285C37E}"
EndProject
Project("{FAE04EC0-301F-11D3-BF4B-00C04F79EFBC}") = "FizzBuzz.Test", "FizzBuzz.Test\FizzBuzz.Test.csproj", "{917D4850-0B65-499E-9BF5-22DC79CFE039}"
EndProject
Global
	GlobalSection(SolutionConfigurationPlatforms) = preSolution
		Debug|Any CPU = Debug|Any CPU
		Release|Any CPU = Release|Any CPU
	EndGlobalSection
	GlobalSection(ProjectConfigurationPlatforms) = postSolution
		{42CF580B-6F14-4104-9C82-45D02285C37E}.Debug|Any CPU.ActiveCfg = Debug|Any CPU
		{42CF580B-6F14-4104-9C82-45D02285C37E}.Debug|Any CPU.Build.0 = Debug|Any CPU
		{42CF580B-6F14-4104-9C82-45D02285C37E}.Release|Any CPU.ActiveCfg = Release|Any CPU
		{42CF580B-6F14-4104-9C82-45D02285C37E}.Release|Any CPU.Build.0 = Release|Any CPU
		{917D4850-0B65-499E-9BF5-22DC79CFE039}.Debug|Any CPU.ActiveCfg = Debug|Any CPU
		{917D4850-0B65-499E-9BF5-22DC79CFE039}.Debug|Any CPU.Build.0 = Debug|Any CPU
		{917D4850-0B65-499E-9BF5-22DC79CFE039}.Release|Any CPU.ActiveCfg = Release|Any CPU
		{917D4850-0B65-499E-9BF5-22DC79CFE039}.Release|Any CPU.Build.0 = Release|Any CPU
	EndGlobalSection
EndGlobal
